
Microsoft Visual Studio Solution File, Format Version 12.00
# Visual Studio Version 17
VisualStudioVersion = 17.7.34031.279
MinimumVisualStudioVersion = 10.0.40219.1
Project("{9A19103F-16F7-4668-BE54-9A1E7A4F7556}") = "ACT1ThreeNumbers", "ACT1ThreeNumbers\ACT1ThreeNumbers.csproj", "{CE38E9FA-E9BA-40E2-99DA-B667537BEF75}"
EndProject
Project("{9A19103F-16F7-4668-BE54-9A1E7A4F7556}") = "ACT2OnlyOddSpaces", "ACT2OnlyOddSpaces\ACT2OnlyOddSpaces.csproj", "{16C214E1-C329-4BC4-9D61-47DD151BC39E}"
EndProject
Project("{9A19103F-16F7-4668-BE54-9A1E7A4F7556}") = "ACT3PrintFromBothSides", "ACT3PrintFromBothSides\ACT3PrintFromBothSides.csproj", "{F544A777-29AA-41C7-895E-BBBD2ACA6B97}"
EndProject
Project("{9A19103F-16F7-4668-BE54-9A1E7A4F7556}") = "ACT4ListAndSum", "ACT4ListAndSum\ACT4ListAndSum.csproj", "{8ECB1D94-C467-41CF-9879-788A7FAA21EC}"
EndProject
Project("{9A19103F-16F7-4668-BE54-9A1E7A4F7556}") = "ACT5InverseInput", "ACT5InverseInput\ACT5InverseInput.csproj", "{736B6451-BD7B-44BA-BD0F-1F5E7FA80B87}"
EndProject
Project("{9A19103F-16F7-4668-BE54-9A1E7A4F7556}") = "ACT6ListAndCheck", "ACT6ListAndCheck\ACT6ListAndCheck.csproj", "{641FC557-58A2-48FA-B457-712BEC70E56D}"
EndProject
Project("{9A19103F-16F7-4668-BE54-9A1E7A4F7556}") = "ACT7CharAtributes", "ACT7CharAtributes\ACT7CharAtributes.csproj", "{064E73E1-9EF6-4299-B478-6886C9CD4641}"
EndProject
Project("{9A19103F-16F7-4668-BE54-9A1E7A4F7556}") = "ACT8CollectData", "ACT8CollectData\ACT8CollectData.csproj", "{F028AE26-653B-40D8-AA7D-B887FFE3C3EF}"
EndProject
Project("{9A19103F-16F7-4668-BE54-9A1E7A4F7556}") = "ACT9MoveColumnToRow", "ACT9MoveColumnToRow\ACT9MoveColumnToRow.csproj", "{392A6FAF-F49A-4ED8-AADC-C688697D3A09}"
EndProject
Project("{FAE04EC0-301F-11D3-BF4B-00C04F79EFBC}") = "ACT13SortArray", "ACT13SortArray\ACT13SortArray.csproj", "{D5933C9F-F24C-4AEA-89A7-4AED88F0C9D0}"
EndProject
Project("{FAE04EC0-301F-11D3-BF4B-00C04F79EFBC}") = "ACT14Interpolacion", "ACT14Interpolacion\ACT14Interpolacion.csproj", "{99E4076C-BA44-4133-9D04-40126E0F8736}"
EndProject
Project("{FAE04EC0-301F-11D3-BF4B-00C04F79EFBC}") = "ACT15ToyingWithStrings", "ACT15ToyingWithStrings\ACT15ToyingWithStrings.csproj", "{51A77109-FEB4-46E3-870D-2D07AA8F07C7}"
EndProject
Project("{FAE04EC0-301F-11D3-BF4B-00C04F79EFBC}") = "ACT16GetStringLength", "ACT16GetStringLength\ACT16GetStringLength.csproj", "{26D22C04-AD97-4DC8-85EA-EB47478A1F46}"
EndProject
Global
	GlobalSection(SolutionConfigurationPlatforms) = preSolution
		Debug|Any CPU = Debug|Any CPU
		Release|Any CPU = Release|Any CPU
	EndGlobalSection
	GlobalSection(ProjectConfigurationPlatforms) = postSolution
		{CE38E9FA-E9BA-40E2-99DA-B667537BEF75}.Debug|Any CPU.ActiveCfg = Debug|Any CPU
		{CE38E9FA-E9BA-40E2-99DA-B667537BEF75}.Debug|Any CPU.Build.0 = Debug|Any CPU
		{CE38E9FA-E9BA-40E2-99DA-B667537BEF75}.Release|Any CPU.ActiveCfg = Release|Any CPU
		{CE38E9FA-E9BA-40E2-99DA-B667537BEF75}.Release|Any CPU.Build.0 = Release|Any CPU
		{16C214E1-C329-4BC4-9D61-47DD151BC39E}.Debug|Any CPU.ActiveCfg = Debug|Any CPU
		{16C214E1-C329-4BC4-9D61-47DD151BC39E}.Debug|Any CPU.Build.0 = Debug|Any CPU
		{16C214E1-C329-4BC4-9D61-47DD151BC39E}.Release|Any CPU.ActiveCfg = Release|Any CPU
		{16C214E1-C329-4BC4-9D61-47DD151BC39E}.Release|Any CPU.Build.0 = Release|Any CPU
		{F544A777-29AA-41C7-895E-BBBD2ACA6B97}.Debug|Any CPU.ActiveCfg = Debug|Any CPU
		{F544A777-29AA-41C7-895E-BBBD2ACA6B97}.Debug|Any CPU.Build.0 = Debug|Any CPU
		{F544A777-29AA-41C7-895E-BBBD2ACA6B97}.Release|Any CPU.ActiveCfg = Release|Any CPU
		{F544A777-29AA-41C7-895E-BBBD2ACA6B97}.Release|Any CPU.Build.0 = Release|Any CPU
		{8ECB1D94-C467-41CF-9879-788A7FAA21EC}.Debug|Any CPU.ActiveCfg = Debug|Any CPU
		{8ECB1D94-C467-41CF-9879-788A7FAA21EC}.Debug|Any CPU.Build.0 = Debug|Any CPU
		{8ECB1D94-C467-41CF-9879-788A7FAA21EC}.Release|Any CPU.ActiveCfg = Release|Any CPU
		{8ECB1D94-C467-41CF-9879-788A7FAA21EC}.Release|Any CPU.Build.0 = Release|Any CPU
		{736B6451-BD7B-44BA-BD0F-1F5E7FA80B87}.Debug|Any CPU.ActiveCfg = Debug|Any CPU
		{736B6451-BD7B-44BA-BD0F-1F5E7FA80B87}.Debug|Any CPU.Build.0 = Debug|Any CPU
		{736B6451-BD7B-44BA-BD0F-1F5E7FA80B87}.Release|Any CPU.ActiveCfg = Release|Any CPU
		{736B6451-BD7B-44BA-BD0F-1F5E7FA80B87}.Release|Any CPU.Build.0 = Release|Any CPU
		{641FC557-58A2-48FA-B457-712BEC70E56D}.Debug|Any CPU.ActiveCfg = Debug|Any CPU
		{641FC557-58A2-48FA-B457-712BEC70E56D}.Debug|Any CPU.Build.0 = Debug|Any CPU
		{641FC557-58A2-48FA-B457-712BEC70E56D}.Release|Any CPU.ActiveCfg = Release|Any CPU
		{641FC557-58A2-48FA-B457-712BEC70E56D}.Release|Any CPU.Build.0 = Release|Any CPU
		{064E73E1-9EF6-4299-B478-6886C9CD4641}.Debug|Any CPU.ActiveCfg = Debug|Any CPU
		{064E73E1-9EF6-4299-B478-6886C9CD4641}.Debug|Any CPU.Build.0 = Debug|Any CPU
		{064E73E1-9EF6-4299-B478-6886C9CD4641}.Release|Any CPU.ActiveCfg = Release|Any CPU
		{064E73E1-9EF6-4299-B478-6886C9CD4641}.Release|Any CPU.Build.0 = Release|Any CPU
		{F028AE26-653B-40D8-AA7D-B887FFE3C3EF}.Debug|Any CPU.ActiveCfg = Debug|Any CPU
		{F028AE26-653B-40D8-AA7D-B887FFE3C3EF}.Debug|Any CPU.Build.0 = Debug|Any CPU
		{F028AE26-653B-40D8-AA7D-B887FFE3C3EF}.Release|Any CPU.ActiveCfg = Release|Any CPU
		{F028AE26-653B-40D8-AA7D-B887FFE3C3EF}.Release|Any CPU.Build.0 = Release|Any CPU
		{392A6FAF-F49A-4ED8-AADC-C688697D3A09}.Debug|Any CPU.ActiveCfg = Debug|Any CPU
		{392A6FAF-F49A-4ED8-AADC-C688697D3A09}.Debug|Any CPU.Build.0 = Debug|Any CPU
		{392A6FAF-F49A-4ED8-AADC-C688697D3A09}.Release|Any CPU.ActiveCfg = Release|Any CPU
		{392A6FAF-F49A-4ED8-AADC-C688697D3A09}.Release|Any CPU.Build.0 = Release|Any CPU
		{D5933C9F-F24C-4AEA-89A7-4AED88F0C9D0}.Debug|Any CPU.ActiveCfg = Debug|Any CPU
		{D5933C9F-F24C-4AEA-89A7-4AED88F0C9D0}.Debug|Any CPU.Build.0 = Debug|Any CPU
		{D5933C9F-F24C-4AEA-89A7-4AED88F0C9D0}.Release|Any CPU.ActiveCfg = Release|Any CPU
		{D5933C9F-F24C-4AEA-89A7-4AED88F0C9D0}.Release|Any CPU.Build.0 = Release|Any CPU
		{99E4076C-BA44-4133-9D04-40126E0F8736}.Debug|Any CPU.ActiveCfg = Debug|Any CPU
		{99E4076C-BA44-4133-9D04-40126E0F8736}.Debug|Any CPU.Build.0 = Debug|Any CPU
		{99E4076C-BA44-4133-9D04-40126E0F8736}.Release|Any CPU.ActiveCfg = Release|Any CPU
		{99E4076C-BA44-4133-9D04-40126E0F8736}.Release|Any CPU.Build.0 = Release|Any CPU
		{51A77109-FEB4-46E3-870D-2D07AA8F07C7}.Debug|Any CPU.ActiveCfg = Debug|Any CPU
		{51A77109-FEB4-46E3-870D-2D07AA8F07C7}.Debug|Any CPU.Build.0 = Debug|Any CPU
		{51A77109-FEB4-46E3-870D-2D07AA8F07C7}.Release|Any CPU.ActiveCfg = Release|Any CPU
		{51A77109-FEB4-46E3-870D-2D07AA8F07C7}.Release|Any CPU.Build.0 = Release|Any CPU
		{26D22C04-AD97-4DC8-85EA-EB47478A1F46}.Debug|Any CPU.ActiveCfg = Debug|Any CPU
		{26D22C04-AD97-4DC8-85EA-EB47478A1F46}.Debug|Any CPU.Build.0 = Debug|Any CPU
		{26D22C04-AD97-4DC8-85EA-EB47478A1F46}.Release|Any CPU.ActiveCfg = Release|Any CPU
		{26D22C04-AD97-4DC8-85EA-EB47478A1F46}.Release|Any CPU.Build.0 = Release|Any CPU
	EndGlobalSection
	GlobalSection(SolutionProperties) = preSolution
		HideSolutionNode = FALSE
	EndGlobalSection
	GlobalSection(ExtensibilityGlobals) = postSolution
		SolutionGuid = {85517297-44F2-4890-A67A-C11D755A583C}
	EndGlobalSection
EndGlobal
